
Microsoft Visual Studio Solution File, Format Version 12.00
# Visual Studio Version 17
VisualStudioVersion = 17.0.31919.166
MinimumVisualStudioVersion = 10.0.40219.1
Project("{9A19103F-16F7-4668-BE54-9A1E7A4F7556}") = "SeleniumTest", "SeleniumTest\SeleniumTest.csproj", "{22300CBB-0BE1-4785-B891-130271A8C42E}"
EndProject
Project("{FAE04EC0-301F-11D3-BF4B-00C04F79EFBC}") = "SpecFlowWithSelenium", "SpecFlowWithSelenium\SpecFlowWithSelenium.csproj", "{B2B9CDF7-D57F-4810-82EA-C3D591336040}"
EndProject
Global
	GlobalSection(SolutionConfigurationPlatforms) = preSolution
		Debug|Any CPU = Debug|Any CPU
		Release|Any CPU = Release|Any CPU
	EndGlobalSection
	GlobalSection(ProjectConfigurationPlatforms) = postSolution
		{22300CBB-0BE1-4785-B891-130271A8C42E}.Debug|Any CPU.ActiveCfg = Debug|Any CPU
		{22300CBB-0BE1-4785-B891-130271A8C42E}.Debug|Any CPU.Build.0 = Debug|Any CPU
		{22300CBB-0BE1-4785-B891-130271A8C42E}.Release|Any CPU.ActiveCfg = Release|Any CPU
		{22300CBB-0BE1-4785-B891-130271A8C42E}.Release|Any CPU.Build.0 = Release|Any CPU
		{B2B9CDF7-D57F-4810-82EA-C3D591336040}.Debug|Any CPU.ActiveCfg = Debug|Any CPU
		{B2B9CDF7-D57F-4810-82EA-C3D591336040}.Debug|Any CPU.Build.0 = Debug|Any CPU
		{B2B9CDF7-D57F-4810-82EA-C3D591336040}.Release|Any CPU.ActiveCfg = Release|Any CPU
		{B2B9CDF7-D57F-4810-82EA-C3D591336040}.Release|Any CPU.Build.0 = Release|Any CPU
	EndGlobalSection
	GlobalSection(SolutionProperties) = preSolution
		HideSolutionNode = FALSE
	EndGlobalSection
	GlobalSection(ExtensibilityGlobals) = postSolution
		SolutionGuid = {E3C0D137-8915-4906-9476-2D6F98AC6E2C}
	EndGlobalSection
EndGlobal
