
Microsoft Visual Studio Solution File, Format Version 12.00
# Visual Studio Version 17
VisualStudioVersion = 17.5.33516.290
MinimumVisualStudioVersion = 10.0.40219.1
Project("{9A19103F-16F7-4668-BE54-9A1E7A4F7556}") = "WeatherConsole", "Weather\WeatherConsole.csproj", "{60EF1E0A-FF6A-481C-AFE6-33CA3FF0C6BA}"
EndProject
Project("{9A19103F-16F7-4668-BE54-9A1E7A4F7556}") = "WeahterLib", "WeahterLib\WeahterLib.csproj", "{DD3442A3-8131-48B9-9115-6E2319C91CFA}"
EndProject
Project("{9A19103F-16F7-4668-BE54-9A1E7A4F7556}") = "WPFweather", "WPFweather\WPFweather.csproj", "{A9FFE492-6059-41E3-B044-01E5EDA82DB9}"
EndProject
Project("{9A19103F-16F7-4668-BE54-9A1E7A4F7556}") = "SharedWeather", "SharedWeather\SharedWeather.csproj", "{4C6BFC18-3F46-42EE-A9CA-05BA7C904192}"
EndProject
Project("{FAE04EC0-301F-11D3-BF4B-00C04F79EFBC}") = "WpfMvvMweather", "WpfMvvMweather\WpfMvvMweather.csproj", "{B1AC9B4C-3C2D-434A-9863-A9FE7753ADD9}"
EndProject
Global
	GlobalSection(SolutionConfigurationPlatforms) = preSolution
		Debug|Any CPU = Debug|Any CPU
		Release|Any CPU = Release|Any CPU
	EndGlobalSection
	GlobalSection(ProjectConfigurationPlatforms) = postSolution
		{60EF1E0A-FF6A-481C-AFE6-33CA3FF0C6BA}.Debug|Any CPU.ActiveCfg = Debug|Any CPU
		{60EF1E0A-FF6A-481C-AFE6-33CA3FF0C6BA}.Debug|Any CPU.Build.0 = Debug|Any CPU
		{60EF1E0A-FF6A-481C-AFE6-33CA3FF0C6BA}.Release|Any CPU.ActiveCfg = Release|Any CPU
		{60EF1E0A-FF6A-481C-AFE6-33CA3FF0C6BA}.Release|Any CPU.Build.0 = Release|Any CPU
		{DD3442A3-8131-48B9-9115-6E2319C91CFA}.Debug|Any CPU.ActiveCfg = Debug|Any CPU
		{DD3442A3-8131-48B9-9115-6E2319C91CFA}.Debug|Any CPU.Build.0 = Debug|Any CPU
		{DD3442A3-8131-48B9-9115-6E2319C91CFA}.Release|Any CPU.ActiveCfg = Release|Any CPU
		{DD3442A3-8131-48B9-9115-6E2319C91CFA}.Release|Any CPU.Build.0 = Release|Any CPU
		{A9FFE492-6059-41E3-B044-01E5EDA82DB9}.Debug|Any CPU.ActiveCfg = Debug|Any CPU
		{A9FFE492-6059-41E3-B044-01E5EDA82DB9}.Debug|Any CPU.Build.0 = Debug|Any CPU
		{A9FFE492-6059-41E3-B044-01E5EDA82DB9}.Release|Any CPU.ActiveCfg = Release|Any CPU
		{A9FFE492-6059-41E3-B044-01E5EDA82DB9}.Release|Any CPU.Build.0 = Release|Any CPU
		{4C6BFC18-3F46-42EE-A9CA-05BA7C904192}.Debug|Any CPU.ActiveCfg = Debug|Any CPU
		{4C6BFC18-3F46-42EE-A9CA-05BA7C904192}.Debug|Any CPU.Build.0 = Debug|Any CPU
		{4C6BFC18-3F46-42EE-A9CA-05BA7C904192}.Release|Any CPU.ActiveCfg = Release|Any CPU
		{4C6BFC18-3F46-42EE-A9CA-05BA7C904192}.Release|Any CPU.Build.0 = Release|Any CPU
		{B1AC9B4C-3C2D-434A-9863-A9FE7753ADD9}.Debug|Any CPU.ActiveCfg = Debug|Any CPU
		{B1AC9B4C-3C2D-434A-9863-A9FE7753ADD9}.Debug|Any CPU.Build.0 = Debug|Any CPU
		{B1AC9B4C-3C2D-434A-9863-A9FE7753ADD9}.Release|Any CPU.ActiveCfg = Release|Any CPU
		{B1AC9B4C-3C2D-434A-9863-A9FE7753ADD9}.Release|Any CPU.Build.0 = Release|Any CPU
	EndGlobalSection
	GlobalSection(SolutionProperties) = preSolution
		HideSolutionNode = FALSE
	EndGlobalSection
	GlobalSection(ExtensibilityGlobals) = postSolution
		SolutionGuid = {A5FDEC39-E89D-4AB9-8E82-D930E26782F4}
	EndGlobalSection
EndGlobal
