
Microsoft Visual Studio Solution File, Format Version 12.00
# Visual Studio Version 16
VisualStudioVersion = 16.0.30907.101
MinimumVisualStudioVersion = 10.0.40219.1
Project("{9A19103F-16F7-4668-BE54-9A1E7A4F7556}") = "GestionProduit", "GestionProduit\GestionProduit\GestionProduit.csproj", "{140A0148-2A20-4112-8267-9392AE4A0E7D}"
EndProject
Global
	GlobalSection(SolutionConfigurationPlatforms) = preSolution
		Debug|Any CPU = Debug|Any CPU
		Debug|ARM = Debug|ARM
		Debug|x64 = Debug|x64
		Debug|x86 = Debug|x86
		Release|Any CPU = Release|Any CPU
		Release|ARM = Release|ARM
		Release|x64 = Release|x64
		Release|x86 = Release|x86
	EndGlobalSection
	GlobalSection(ProjectConfigurationPlatforms) = postSolution
		{140A0148-2A20-4112-8267-9392AE4A0E7D}.Debug|Any CPU.ActiveCfg = Debug|Any CPU
		{140A0148-2A20-4112-8267-9392AE4A0E7D}.Debug|Any CPU.Build.0 = Debug|Any CPU
		{140A0148-2A20-4112-8267-9392AE4A0E7D}.Debug|Any CPU.Deploy.0 = Debug|Any CPU
		{140A0148-2A20-4112-8267-9392AE4A0E7D}.Debug|ARM.ActiveCfg = Debug|Any CPU
		{140A0148-2A20-4112-8267-9392AE4A0E7D}.Debug|ARM.Build.0 = Debug|Any CPU
		{140A0148-2A20-4112-8267-9392AE4A0E7D}.Debug|ARM.Deploy.0 = Debug|Any CPU
		{140A0148-2A20-4112-8267-9392AE4A0E7D}.Debug|x64.ActiveCfg = Debug|Any CPU
		{140A0148-2A20-4112-8267-9392AE4A0E7D}.Debug|x64.Build.0 = Debug|Any CPU
		{140A0148-2A20-4112-8267-9392AE4A0E7D}.Debug|x64.Deploy.0 = Debug|Any CPU
		{140A0148-2A20-4112-8267-9392AE4A0E7D}.Debug|x86.ActiveCfg = Debug|Any CPU
		{140A0148-2A20-4112-8267-9392AE4A0E7D}.Debug|x86.Build.0 = Debug|Any CPU
		{140A0148-2A20-4112-8267-9392AE4A0E7D}.Debug|x86.Deploy.0 = Debug|Any CPU
		{140A0148-2A20-4112-8267-9392AE4A0E7D}.Release|Any CPU.ActiveCfg = Release|Any CPU
		{140A0148-2A20-4112-8267-9392AE4A0E7D}.Release|Any CPU.Build.0 = Release|Any CPU
		{140A0148-2A20-4112-8267-9392AE4A0E7D}.Release|Any CPU.Deploy.0 = Release|Any CPU
		{140A0148-2A20-4112-8267-9392AE4A0E7D}.Release|ARM.ActiveCfg = Release|Any CPU
		{140A0148-2A20-4112-8267-9392AE4A0E7D}.Release|ARM.Build.0 = Release|Any CPU
		{140A0148-2A20-4112-8267-9392AE4A0E7D}.Release|ARM.Deploy.0 = Release|Any CPU
		{140A0148-2A20-4112-8267-9392AE4A0E7D}.Release|x64.ActiveCfg = Release|Any CPU
		{140A0148-2A20-4112-8267-9392AE4A0E7D}.Release|x64.Build.0 = Release|Any CPU
		{140A0148-2A20-4112-8267-9392AE4A0E7D}.Release|x64.Deploy.0 = Release|Any CPU
		{140A0148-2A20-4112-8267-9392AE4A0E7D}.Release|x86.ActiveCfg = Release|Any CPU
		{140A0148-2A20-4112-8267-9392AE4A0E7D}.Release|x86.Build.0 = Release|Any CPU
		{140A0148-2A20-4112-8267-9392AE4A0E7D}.Release|x86.Deploy.0 = Release|Any CPU
	EndGlobalSection
	GlobalSection(SolutionProperties) = preSolution
		HideSolutionNode = FALSE
	EndGlobalSection
	GlobalSection(ExtensibilityGlobals) = postSolution
		SolutionGuid = {A484F39E-CE97-4627-A9C0-2562CDF9C472}
	EndGlobalSection
EndGlobal
